# THIS IS AN AUTOGENERATED FILE. DO NOT EDIT THIS FILE DIRECTLY.
# yarn lockfile v1


"bash@^0.0.1":
  "integrity" "sha512-5hOttlJ2LXV7XmahX/cYwoezrqEGMdy5Uie4dj4yvw4scR0WrJmlQfufqPf24Mt6Bk6SbE9j87k02yBMfoQqVQ=="
  "resolved" "https://registry.npmjs.org/bash/-/bash-0.0.1.tgz"
  "version" "0.0.1"

"zsh@^0.0.1":
  "integrity" "sha512-JFVRW6WWrsXoGJfnEvY0f/g2MKtTRZPOY+8VwIMvm/ThpH5YaWySc49Mx8Q0VK4SA4aIEAPXqmrFh46xjdqwJA=="
  "resolved" "https://registry.npmjs.org/zsh/-/zsh-0.0.1.tgz"
  "version" "0.0.1"
